// !$*UTF8*$!
{
	archiveVersion = 1;
	classes = {
	};
	objectVersion = 77;
	objects = {

/* Begin PBXContainerItemProxy section */
		5B65F5D02DB276F1001B2366 /* PBXContainerItemProxy */ = {
			isa = PBXContainerItemProxy;
			containerPortal = 5B65F5BA2DB276EF001B2366 /* Project object */;
			proxyType = 1;
			remoteGlobalIDString = 5B65F5C12DB276EF001B2366;
			remoteInfo = RadarBluetoothTracker;
		};
		5B65F5DA2DB276F1001B2366 /* PBXContainerItemProxy */ = {
			isa = PBXContainerItemProxy;
			containerPortal = 5B65F5BA2DB276EF001B2366 /* Project object */;
			proxyType = 1;
			remoteGlobalIDString = 5B65F5C12DB276EF001B2366;
			remoteInfo = RadarBluetoothTracker;
		};
/* End PBXContainerItemProxy section */

/* Begin PBXFileReference section */
		5B65F5C22DB276EF001B2366 /* RadarBluetoothTracker.app */ = {isa = PBXFileReference; explicitFileType = wrapper.application; includeInIndex = 0; path = RadarBluetoothTracker.app; sourceTree = BUILT_PRODUCTS_DIR; };
		5B65F5CF2DB276F1001B2366 /* RadarBluetoothTrackerTests.xctest */ = {isa = PBXFileReference; explicitFileType = wrapper.cfbundle; includeInIndex = 0; path = RadarBluetoothTrackerTests.xctest; sourceTree = BUILT_PRODUCTS_DIR; };
		5B65F5D92DB276F1001B2366 /* RadarBluetoothTrackerUITests.xctest */ = {isa = PBXFileReference; explicitFileType = wrapper.cfbundle; includeInIndex = 0; path = RadarBluetoothTrackerUITests.xctest; sourceTree = BUILT_PRODUCTS_DIR; };
/* End PBXFileReference section */

/* Begin PBXFileSystemSynchronizedRootGroup section */
		5B65F5C42DB276EF001B2366 /* RadarBluetoothTracker */ = {
			isa = PBXFileSystemSynchronizedRootGroup;
			path = RadarBluetoothTracker;
			sourceTree = "<group>";
		};
		5B65F5D22DB276F1001B2366 /* RadarBluetoothTrackerTests */ = {
			isa = PBXFileSystemSynchronizedRootGroup;
			path = RadarBluetoothTrackerTests;
			sourceTree = "<group>";
		};
		5B65F5DC2DB276F1001B2366 /* RadarBluetoothTrackerUITests */ = {
			isa = PBXFileSystemSynchronizedRootGroup;
			path = RadarBluetoothTrackerUITests;
			sourceTree = "<group>";
		};
/* End PBXFileSystemSynchronizedRootGroup section */

/* Begin PBXFrameworksBuildPhase section */
		5B65F5BF2DB276EF001B2366 /* Frameworks */ = {
			isa = PBXFrameworksBuildPhase;
			buildActionMask = 2147483647;
			files = (
			);
			runOnlyForDeploymentPostprocessing = 0;
		};
		5B65F5CC2DB276F1001B2366 /* Frameworks */ = {
			isa = PBXFrameworksBuildPhase;
			buildActionMask = 2147483647;
			files = (
			);
			runOnlyForDeploymentPostprocessing = 0;
		};
		5B65F5D62DB276F1001B2366 /* Frameworks */ = {
			isa = PBXFrameworksBuildPhase;
			buildActionMask = 2147483647;
			files = (
			);
			runOnlyForDeploymentPostprocessing = 0;
		};
/* End PBXFrameworksBuildPhase section */

/* Begin PBXGroup section */
		5B65F5B92DB276EF001B2366 = {
			isa = PBXGroup;
			children = (
				5B65F5C42DB276EF001B2366 /* RadarBluetoothTracker */,
				5B65F5D22DB276F1001B2366 /* RadarBluetoothTrackerTests */,
				5B65F5DC2DB276F1001B2366 /* RadarBluetoothTrackerUITests */,
				5B65F5C32DB276EF001B2366 /* Products */,
			);
			sourceTree = "<group>";
		};
		5B65F5C32DB276EF001B2366 /* Products */ = {
			isa = PBXGroup;
			children = (
				5B65F5C22DB276EF001B2366 /* RadarBluetoothTracker.app */,
				5B65F5CF2DB276F1001B2366 /* RadarBluetoothTrackerTests.xctest */,
				5B65F5D92DB276F1001B2366 /* RadarBluetoothTrackerUITests.xctest */,
			);
			name = Products;
			sourceTree = "<group>";
		};
/* End PBXGroup section */

/* Begin PBXNativeTarget section */
		5B65F5C12DB276EF001B2366 /* RadarBluetoothTracker */ = {
			isa = PBXNativeTarget;
			buildConfigurationList = 5B65F5E32DB276F1001B2366 /* Build configuration list for PBXNativeTarget "RadarBluetoothTracker" */;
			buildPhases = (
				5B65F5BE2DB276EF001B2366 /* Sources */,
				5B65F5BF2DB276EF001B2366 /* Frameworks */,
				5B65F5C02DB276EF001B2366 /* Resources */,
			);
			buildRules = (
			);
			dependencies = (
			);
			fileSystemSynchronizedGroups = (
				5B65F5C42DB276EF001B2366 /* RadarBluetoothTracker */,
			);
			name = RadarBluetoothTracker;
			packageProductDependencies = (
			);
			productName = RadarBluetoothTracker;
			productReference = 5B65F5C22DB276EF001B2366 /* RadarBluetoothTracker.app */;
			productType = "com.apple.product-type.application";
		};
		5B65F5CE2DB276F1001B2366 /* RadarBluetoothTrackerTests */ = {
			isa = PBXNativeTarget;
			buildConfigurationList = 5B65F5E62DB276F1001B2366 /* Build configuration list for PBXNativeTarget "RadarBluetoothTrackerTests" */;
			buildPhases = (
				5B65F5CB2DB276F1001B2366 /* Sources */,
				5B65F5CC2DB276F1001B2366 /* Frameworks */,
				5B65F5CD2DB276F1001B2366 /* Resources */,
			);
			buildRules = (
			);
			dependencies = (
				5B65F5D12DB276F1001B2366 /* PBXTargetDependency */,
			);
			fileSystemSynchronizedGroups = (
				5B65F5D22DB276F1001B2366 /* RadarBluetoothTrackerTests */,
			);
			name = RadarBluetoothTrackerTests;
			packageProductDependencies = (
			);
			productName = RadarBluetoothTrackerTests;
			productReference = 5B65F5CF2DB276F1001B2366 /* RadarBluetoothTrackerTests.xctest */;
			productType = "com.apple.product-type.bundle.unit-test";
		};
		5B65F5D82DB276F1001B2366 /* RadarBluetoothTrackerUITests */ = {
			isa = PBXNativeTarget;
			buildConfigurationList = 5B65F5E92DB276F1001B2366 /* Build configuration list for PBXNativeTarget "RadarBluetoothTrackerUITests" */;
			buildPhases = (
				5B65F5D52DB276F1001B2366 /* Sources */,
				5B65F5D62DB276F1001B2366 /* Frameworks */,
				5B65F5D72DB276F1001B2366 /* Resources */,
			);
			buildRules = (
			);
			dependencies = (
				5B65F5DB2DB276F1001B2366 /* PBXTargetDependency */,
			);
			fileSystemSynchronizedGroups = (
				5B65F5DC2DB276F1001B2366 /* RadarBluetoothTrackerUITests */,
			);
			name = RadarBluetoothTrackerUITests;
			packageProductDependencies = (
			);
			productName = RadarBluetoothTrackerUITests;
			productReference = 5B65F5D92DB276F1001B2366 /* RadarBluetoothTrackerUITests.xctest */;
			productType = "com.apple.product-type.bundle.ui-testing";
		};
/* End PBXNativeTarget section */

/* Begin PBXProject section */
		5B65F5BA2DB276EF001B2366 /* Project object */ = {
			isa = PBXProject;
			attributes = {
				BuildIndependentTargetsInParallel = 1;
				LastSwiftUpdateCheck = 1630;
				LastUpgradeCheck = 1630;
				TargetAttributes = {
					5B65F5C12DB276EF001B2366 = {
						CreatedOnToolsVersion = 16.3;
					};
					5B65F5CE2DB276F1001B2366 = {
						CreatedOnToolsVersion = 16.3;
						TestTargetID = 5B65F5C12DB276EF001B2366;
					};
					5B65F5D82DB276F1001B2366 = {
						CreatedOnToolsVersion = 16.3;
						TestTargetID = 5B65F5C12DB276EF001B2366;
					};
				};
			};
			buildConfigurationList = 5B65F5BD2DB276EF001B2366 /* Build configuration list for PBXProject "RadarBluetoothTracker" */;
			developmentRegion = en;
			hasScannedForEncodings = 0;
			knownRegions = (
				en,
				Base,
			);
			mainGroup = 5B65F5B92DB276EF001B2366;
			minimizedProjectReferenceProxies = 1;
			preferredProjectObjectVersion = 77;
			productRefGroup = 5B65F5C32DB276EF001B2366 /* Products */;
			projectDirPath = "";
			projectRoot = "";
			targets = (
				5B65F5C12DB276EF001B2366 /* RadarBluetoothTracker */,
				5B65F5CE2DB276F1001B2366 /* RadarBluetoothTrackerTests */,
				5B65F5D82DB276F1001B2366 /* RadarBluetoothTrackerUITests */,
			);
		};
/* End PBXProject section */

/* Begin PBXResourcesBuildPhase section */
		5B65F5C02DB276EF001B2366 /* Resources */ = {
			isa = PBXResourcesBuildPhase;
			buildActionMask = 2147483647;
			files = (
			);
			runOnlyForDeploymentPostprocessing = 0;
		};
		5B65F5CD2DB276F1001B2366 /* Resources */ = {
			isa = PBXResourcesBuildPhase;
			buildActionMask = 2147483647;
			files = (
			);
			runOnlyForDeploymentPostprocessing = 0;
		};
		5B65F5D72DB276F1001B2366 /* Resources */ = {
			isa = PBXResourcesBuildPhase;
			buildActionMask = 2147483647;
			files = (
			);
			runOnlyForDeploymentPostprocessing = 0;
		};
/* End PBXResourcesBuildPhase section */

/* Begin PBXSourcesBuildPhase section */
		5B65F5BE2DB276EF001B2366 /* Sources */ = {
			isa = PBXSourcesBuildPhase;
			buildActionMask = 2147483647;
			files = (
			);
			runOnlyForDeploymentPostprocessing = 0;
		};
		5B65F5CB2DB276F1001B2366 /* Sources */ = {
			isa = PBXSourcesBuildPhase;
			buildActionMask = 2147483647;
			files = (
			);
			runOnlyForDeploymentPostprocessing = 0;
		};
		5B65F5D52DB276F1001B2366 /* Sources */ = {
			isa = PBXSourcesBuildPhase;
			buildActionMask = 2147483647;
			files = (
			);
			runOnlyForDeploymentPostprocessing = 0;
		};
/* End PBXSourcesBuildPhase section */

/* Begin PBXTargetDependency section */
		5B65F5D12DB276F1001B2366 /* PBXTargetDependency */ = {
			isa = PBXTargetDependency;
			target = 5B65F5C12DB276EF001B2366 /* RadarBluetoothTracker */;
			targetProxy = 5B65F5D02DB276F1001B2366 /* PBXContainerItemProxy */;
		};
		5B65F5DB2DB276F1001B2366 /* PBXTargetDependency */ = {
			isa = PBXTargetDependency;
			target = 5B65F5C12DB276EF001B2366 /* RadarBluetoothTracker */;
			targetProxy = 5B65F5DA2DB276F1001B2366 /* PBXContainerItemProxy */;
		};
/* End PBXTargetDependency section */

/* Begin XCBuildConfiguration section */
		5B65F5E12DB276F1001B2366 /* Debug */ = {
			isa = XCBuildConfiguration;
			buildSettings = {
				ALWAYS_SEARCH_USER_PATHS = NO;
				ASSETCATALOG_COMPILER_GENERATE_SWIFT_ASSET_SYMBOL_EXTENSIONS = YES;
				CLANG_ANALYZER_NONNULL = YES;
				CLANG_ANALYZER_NUMBER_OBJECT_CONVERSION = YES_AGGRESSIVE;
				CLANG_CXX_LANGUAGE_STANDARD = "gnu++20";
				CLANG_ENABLE_MODULES = YES;
				CLANG_ENABLE_OBJC_ARC = YES;
				CLANG_ENABLE_OBJC_WEAK = YES;
				CLANG_WARN_BLOCK_CAPTURE_AUTORELEASING = YES;
				CLANG_WARN_BOOL_CONVERSION = YES;
				CLANG_WARN_COMMA = YES;
				CLANG_WARN_CONSTANT_CONVERSION = YES;
				CLANG_WARN_DEPRECATED_OBJC_IMPLEMENTATIONS = YES;
				CLANG_WARN_DIRECT_OBJC_ISA_USAGE = YES_ERROR;
				CLANG_WARN_DOCUMENTATION_COMMENTS = YES;
				CLANG_WARN_EMPTY_BODY = YES;
				CLANG_WARN_ENUM_CONVERSION = YES;
				CLANG_WARN_INFINITE_RECURSION = YES;
				CLANG_WARN_INT_CONVERSION = YES;
				CLANG_WARN_NON_LITERAL_NULL_CONVERSION = YES;
				CLANG_WARN_OBJC_IMPLICIT_RETAIN_SELF = YES;
				CLANG_WARN_OBJC_LITERAL_CONVERSION = YES;
				CLANG_WARN_OBJC_ROOT_CLASS = YES_ERROR;
				CLANG_WARN_QUOTED_INCLUDE_IN_FRAMEWORK_HEADER = YES;
				CLANG_WARN_RANGE_LOOP_ANALYSIS = YES;
				CLANG_WARN_STRICT_PROTOTYPES = YES;
				CLANG_WARN_SUSPICIOUS_MOVE = YES;
				CLANG_WARN_UNGUARDED_AVAILABILITY = YES_AGGRESSIVE;
				CLANG_WARN_UNREACHABLE_CODE = YES;
				CLANG_WARN__DUPLICATE_METHOD_MATCH = YES;
				COPY_PHASE_STRIP = NO;
				DEBUG_INFORMATION_FORMAT = dwarf;
				ENABLE_STRICT_OBJC_MSGSEND = YES;
				ENABLE_TESTABILITY = YES;
				ENABLE_USER_SCRIPT_SANDBOXING = YES;
				GCC_C_LANGUAGE_STANDARD = gnu17;
				GCC_DYNAMIC_NO_PIC = NO;
				GCC_NO_COMMON_BLOCKS = YES;
				GCC_OPTIMIZATION_LEVEL = 0;
				GCC_PREPROCESSOR_DEFINITIONS = (
					"DEBUG=1",
					"$(inherited)",
				);
				GCC_WARN_64_TO_32_BIT_CONVERSION = YES;
				GCC_WARN_ABOUT_RETURN_TYPE = YES_ERROR;
				GCC_WARN_UNDECLARED_SELECTOR = YES;
				GCC_WARN_UNINITIALIZED_AUTOS = YES_AGGRESSIVE;
				GCC_WARN_UNUSED_FUNCTION = YES;
				GCC_WARN_UNUSED_VARIABLE = YES;
				IPHONEOS_DEPLOYMENT_TARGET = 18.4;
				LOCALIZATION_PREFERS_STRING_CATALOGS = YES;
				MTL_ENABLE_DEBUG_INFO = INCLUDE_SOURCE;
				MTL_FAST_MATH = YES;
				ONLY_ACTIVE_ARCH = YES;
				SDKROOT = iphoneos;
				SWIFT_ACTIVE_COMPILATION_CONDITIONS = "DEBUG $(inherited)";
				SWIFT_OPTIMIZATION_LEVEL = "-Onone";
			};
			name = Debug;
		};
		5B65F5E22DB276F1001B2366 /* Release */ = {
			isa = XCBuildConfiguration;
			buildSettings = {
				ALWAYS_SEARCH_USER_PATHS = NO;
				ASSETCATALOG_COMPILER_GENERATE_SWIFT_ASSET_SYMBOL_EXTENSIONS = YES;
				CLANG_ANALYZER_NONNULL = YES;
				CLANG_ANALYZER_NUMBER_OBJECT_CONVERSION = YES_AGGRESSIVE;
				CLANG_CXX_LANGUAGE_STANDARD = "gnu++20";
				CLANG_ENABLE_MODULES = YES;
				CLANG_ENABLE_OBJC_ARC = YES;
				CLANG_ENABLE_OBJC_WEAK = YES;
				CLANG_WARN_BLOCK_CAPTURE_AUTORELEASING = YES;
				CLANG_WARN_BOOL_CONVERSION = YES;
				CLANG_WARN_COMMA = YES;
				CLANG_WARN_CONSTANT_CONVERSION = YES;
				CLANG_WARN_DEPRECATED_OBJC_IMPLEMENTATIONS = YES;
				CLANG_WARN_DIRECT_OBJC_ISA_USAGE = YES_ERROR;
				CLANG_WARN_DOCUMENTATION_COMMENTS = YES;
				CLANG_WARN_EMPTY_BODY = YES;
				CLANG_WARN_ENUM_CONVERSION = YES;
				CLANG_WARN_INFINITE_RECURSION = YES;
				CLANG_WARN_INT_CONVERSION = YES;
				CLANG_WARN_NON_LITERAL_NULL_CONVERSION = YES;
				CLANG_WARN_OBJC_IMPLICIT_RETAIN_SELF = YES;
				CLANG_WARN_OBJC_LITERAL_CONVERSION = YES;
				CLANG_WARN_OBJC_ROOT_CLASS = YES_ERROR;
				CLANG_WARN_QUOTED_INCLUDE_IN_FRAMEWORK_HEADER = YES;
				CLANG_WARN_RANGE_LOOP_ANALYSIS = YES;
				CLANG_WARN_STRICT_PROTOTYPES = YES;
				CLANG_WARN_SUSPICIOUS_MOVE = YES;
				CLANG_WARN_UNGUARDED_AVAILABILITY = YES_AGGRESSIVE;
				CLANG_WARN_UNREACHABLE_CODE = YES;
				CLANG_WARN__DUPLICATE_METHOD_MATCH = YES;
				COPY_PHASE_STRIP = NO;
				DEBUG_INFORMATION_FORMAT = "dwarf-with-dsym";
				ENABLE_NS_ASSERTIONS = NO;
				ENABLE_STRICT_OBJC_MSGSEND = YES;
				ENABLE_USER_SCRIPT_SANDBOXING = YES;
				GCC_C_LANGUAGE_STANDARD = gnu17;
				GCC_NO_COMMON_BLOCKS = YES;
				GCC_WARN_64_TO_32_BIT_CONVERSION = YES;
				GCC_WARN_ABOUT_RETURN_TYPE = YES_ERROR;
				GCC_WARN_UNDECLARED_SELECTOR = YES;
				GCC_WARN_UNINITIALIZED_AUTOS = YES_AGGRESSIVE;
				GCC_WARN_UNUSED_FUNCTION = YES;
				GCC_WARN_UNUSED_VARIABLE = YES;
				IPHONEOS_DEPLOYMENT_TARGET = 18.4;
				LOCALIZATION_PREFERS_STRING_CATALOGS = YES;
				MTL_ENABLE_DEBUG_INFO = NO;
				MTL_FAST_MATH = YES;
				SDKROOT = iphoneos;
				SWIFT_COMPILATION_MODE = wholemodule;
				VALIDATE_PRODUCT = YES;
			};
			name = Release;
		};
		5B65F5E42DB276F1001B2366 /* Debug */ = {
			isa = XCBuildConfiguration;
			buildSettings = {
				ASSETCATALOG_COMPILER_APPICON_NAME = AppIcon;
				ASSETCATALOG_COMPILER_GLOBAL_ACCENT_COLOR_NAME = AccentColor;
				CODE_SIGN_STYLE = Automatic;
				CURRENT_PROJECT_VERSION = 1;
				DEVELOPMENT_TEAM = MS7RNXG6UJ;
				ENABLE_PREVIEWS = YES;
				GENERATE_INFOPLIST_FILE = YES;
				INFOPLIST_KEY_NSBluetoothAlwaysUsageDescription = "This app needs Bluetooth to detect nearby devices.";
				INFOPLIST_KEY_UIApplicationSceneManifest_Generation = YES;
				INFOPLIST_KEY_UIApplicationSupportsIndirectInputEvents = YES;
				INFOPLIST_KEY_UILaunchScreen_Generation = YES;
				INFOPLIST_KEY_UISupportedInterfaceOrientations_iPad = "UIInterfaceOrientationPortrait UIInterfaceOrientationPortraitUpsideDown UIInterfaceOrientationLandscapeLeft UIInterfaceOrientationLandscapeRight";
				INFOPLIST_KEY_UISupportedInterfaceOrientations_iPhone = "UIInterfaceOrientationPortrait UIInterfaceOrientationLandscapeLeft UIInterfaceOrientationLandscapeRight";
				IPHONEOS_DEPLOYMENT_TARGET = 18.0;
				LD_RUNPATH_SEARCH_PATHS = (
					"$(inherited)",
					"@executable_path/Frameworks",
				);
				MARKETING_VERSION = 1.0;
				PRODUCT_BUNDLE_IDENTIFIER = TC.RadarBluetoothTracker;
				PRODUCT_NAME = "$(TARGET_NAME)";
				SWIFT_EMIT_LOC_STRINGS = YES;
				SWIFT_VERSION = 5.0;
				TARGETED_DEVICE_FAMILY = "1,2";
			};
			name = Debug;
		};
		5B65F5E52DB276F1001B2366 /* Release */ = {
			isa = XCBuildConfiguration;
			buildSettings = {
				ASSETCATALOG_COMPILER_APPICON_NAME = AppIcon;
				ASSETCATALOG_COMPILER_GLOBAL_ACCENT_COLOR_NAME = AccentColor;
				CODE_SIGN_STYLE = Automatic;
				CURRENT_PROJECT_VERSION = 1;
				DEVELOPMENT_TEAM = MS7RNXG6UJ;
				ENABLE_PREVIEWS = YES;
				GENERATE_INFOPLIST_FILE = YES;
				INFOPLIST_KEY_NSBluetoothAlwaysUsageDescription = "This app needs Bluetooth to detect nearby devices.";
				INFOPLIST_KEY_UIApplicationSceneManifest_Generation = YES;
				INFOPLIST_KEY_UIApplicationSupportsIndirectInputEvents = YES;
				INFOPLIST_KEY_UILaunchScreen_Generation = YES;
				INFOPLIST_KEY_UISupportedInterfaceOrientations_iPad = "UIInterfaceOrientationPortrait UIInterfaceOrientationPortraitUpsideDown UIInterfaceOrientationLandscapeLeft UIInterfaceOrientationLandscapeRight";
				INFOPLIST_KEY_UISupportedInterfaceOrientations_iPhone = "UIInterfaceOrientationPortrait UIInterfaceOrientationLandscapeLeft UIInterfaceOrientationLandscapeRight";
				IPHONEOS_DEPLOYMENT_TARGET = 18.0;
				LD_RUNPATH_SEARCH_PATHS = (
					"$(inherited)",
					"@executable_path/Frameworks",
				);
				MARKETING_VERSION = 1.0;
				PRODUCT_BUNDLE_IDENTIFIER = TC.RadarBluetoothTracker;
				PRODUCT_NAME = "$(TARGET_NAME)";
				SWIFT_EMIT_LOC_STRINGS = YES;
				SWIFT_VERSION = 5.0;
				TARGETED_DEVICE_FAMILY = "1,2";
			};
			name = Release;
		};
		5B65F5E72DB276F1001B2366 /* Debug */ = {
			isa = XCBuildConfiguration;
			buildSettings = {
				BUNDLE_LOADER = "$(TEST_HOST)";
				CODE_SIGN_STYLE = Automatic;
				CURRENT_PROJECT_VERSION = 1;
				GENERATE_INFOPLIST_FILE = YES;
				IPHONEOS_DEPLOYMENT_TARGET = 18.4;
				MARKETING_VERSION = 1.0;
				PRODUCT_BUNDLE_IDENTIFIER = TC.RadarBluetoothTrackerTests;
				PRODUCT_NAME = "$(TARGET_NAME)";
				SWIFT_EMIT_LOC_STRINGS = NO;
				SWIFT_VERSION = 5.0;
				TARGETED_DEVICE_FAMILY = "1,2";
				TEST_HOST = "$(BUILT_PRODUCTS_DIR)/RadarBluetoothTracker.app/$(BUNDLE_EXECUTABLE_FOLDER_PATH)/RadarBluetoothTracker";
			};
			name = Debug;
		};
		5B65F5E82DB276F1001B2366 /* Release */ = {
			isa = XCBuildConfiguration;
			buildSettings = {
				BUNDLE_LOADER = "$(TEST_HOST)";
				CODE_SIGN_STYLE = Automatic;
				CURRENT_PROJECT_VERSION = 1;
				GENERATE_INFOPLIST_FILE = YES;
				IPHONEOS_DEPLOYMENT_TARGET = 18.4;
				MARKETING_VERSION = 1.0;
				PRODUCT_BUNDLE_IDENTIFIER = TC.RadarBluetoothTrackerTests;
				PRODUCT_NAME = "$(TARGET_NAME)";
				SWIFT_EMIT_LOC_STRINGS = NO;
				SWIFT_VERSION = 5.0;
				TARGETED_DEVICE_FAMILY = "1,2";
				TEST_HOST = "$(BUILT_PRODUCTS_DIR)/RadarBluetoothTracker.app/$(BUNDLE_EXECUTABLE_FOLDER_PATH)/RadarBluetoothTracker";
			};
			name = Release;
		};
		5B65F5EA2DB276F1001B2366 /* Debug */ = {
			isa = XCBuildConfiguration;
			buildSettings = {
				CODE_SIGN_STYLE = Automatic;
				CURRENT_PROJECT_VERSION = 1;
				GENERATE_INFOPLIST_FILE = YES;
				MARKETING_VERSION = 1.0;
				PRODUCT_BUNDLE_IDENTIFIER = TC.RadarBluetoothTrackerUITests;
				PRODUCT_NAME = "$(TARGET_NAME)";
				SWIFT_EMIT_LOC_STRINGS = NO;
				SWIFT_VERSION = 5.0;
				TARGETED_DEVICE_FAMILY = "1,2";
				TEST_TARGET_NAME = RadarBluetoothTracker;
			};
			name = Debug;
		};
		5B65F5EB2DB276F1001B2366 /* Release */ = {
			isa = XCBuildConfiguration;
			buildSettings = {
				CODE_SIGN_STYLE = Automatic;
				CURRENT_PROJECT_VERSION = 1;
				GENERATE_INFOPLIST_FILE = YES;
				MARKETING_VERSION = 1.0;
				PRODUCT_BUNDLE_IDENTIFIER = TC.RadarBluetoothTrackerUITests;
				PRODUCT_NAME = "$(TARGET_NAME)";
				SWIFT_EMIT_LOC_STRINGS = NO;
				SWIFT_VERSION = 5.0;
				TARGETED_DEVICE_FAMILY = "1,2";
				TEST_TARGET_NAME = RadarBluetoothTracker;
			};
			name = Release;
		};
/* End XCBuildConfiguration section */

/* Begin XCConfigurationList section */
		5B65F5BD2DB276EF001B2366 /* Build configuration list for PBXProject "RadarBluetoothTracker" */ = {
			isa = XCConfigurationList;
			buildConfigurations = (
				5B65F5E12DB276F1001B2366 /* Debug */,
				5B65F5E22DB276F1001B2366 /* Release */,
			);
			defaultConfigurationIsVisible = 0;
			defaultConfigurationName = Release;
		};
		5B65F5E32DB276F1001B2366 /* Build configuration list for PBXNativeTarget "RadarBluetoothTracker" */ = {
			isa = XCConfigurationList;
			buildConfigurations = (
				5B65F5E42DB276F1001B2366 /* Debug */,
				5B65F5E52DB276F1001B2366 /* Release */,
			);
			defaultConfigurationIsVisible = 0;
			defaultConfigurationName = Release;
		};
		5B65F5E62DB276F1001B2366 /* Build configuration list for PBXNativeTarget "RadarBluetoothTrackerTests" */ = {
			isa = XCConfigurationList;
			buildConfigurations = (
				5B65F5E72DB276F1001B2366 /* Debug */,
				5B65F5E82DB276F1001B2366 /* Release */,
			);
			defaultConfigurationIsVisible = 0;
			defaultConfigurationName = Release;
		};
		5B65F5E92DB276F1001B2366 /* Build configuration list for PBXNativeTarget "RadarBluetoothTrackerUITests" */ = {
			isa = XCConfigurationList;
			buildConfigurations = (
				5B65F5EA2DB276F1001B2366 /* Debug */,
				5B65F5EB2DB276F1001B2366 /* Release */,
			);
			defaultConfigurationIsVisible = 0;
			defaultConfigurationName = Release;
		};
/* End XCConfigurationList section */
	};
	rootObject = 5B65F5BA2DB276EF001B2366 /* Project object */;
}
